
Microsoft Visual Studio Solution File, Format Version 12.00
# Visual Studio 15
VisualStudioVersion = 15.0.28307.902
MinimumVisualStudioVersion = 10.0.40219.1
Project("{FAE04EC0-301F-11D3-BF4B-00C04F79EFBC}") = "Carcade.Mobile.Supplier.Control.API", "Carcade.Mobile.Supplier.Control.API\Carcade.Mobile.Supplier.Control.API.csproj", "{47CD3ED1-7EAA-40DB-A271-E3A16DCD0281}"
EndProject
Global
	GlobalSection(SolutionConfigurationPlatforms) = preSolution
		Debug|Any CPU = Debug|Any CPU
		Release|Any CPU = Release|Any CPU
	EndGlobalSection
	GlobalSection(ProjectConfigurationPlatforms) = postSolution
		{47CD3ED1-7EAA-40DB-A271-E3A16DCD0281}.Debug|Any CPU.ActiveCfg = Debug|Any CPU
		{47CD3ED1-7EAA-40DB-A271-E3A16DCD0281}.Debug|Any CPU.Build.0 = Debug|Any CPU
		{47CD3ED1-7EAA-40DB-A271-E3A16DCD0281}.Release|Any CPU.ActiveCfg = Release|Any CPU
		{47CD3ED1-7EAA-40DB-A271-E3A16DCD0281}.Release|Any CPU.Build.0 = Release|Any CPU
	EndGlobalSection
	GlobalSection(SolutionProperties) = preSolution
		HideSolutionNode = FALSE
	EndGlobalSection
	GlobalSection(ExtensibilityGlobals) = postSolution
		SolutionGuid = {E2D21F35-6E81-46AC-9874-D7EA22C3B9BC}
	EndGlobalSection
EndGlobal
